
Microsoft Visual Studio Solution File, Format Version 12.00
# Visual Studio 15
VisualStudioVersion = 15.0.28307.329
MinimumVisualStudioVersion = 10.0.40219.1
Project("{9A19103F-16F7-4668-BE54-9A1E7A4F7556}") = "Vendora.Web", "src\Vendora.Web\Vendora.Web.csproj", "{1AAEACA8-3D16-4426-BE8D-C07788FCE92D}"
EndProject
Project("{2150E333-8FDC-42A3-9474-1A3956D46DE8}") = "src", "src", "{C9175D9F-5678-484C-9F66-7F4B6A2FFAC0}"
EndProject
Project("{2150E333-8FDC-42A3-9474-1A3956D46DE8}") = "tests", "tests", "{AE7A3E79-BF7B-4537-923B-0AE7C8E98ECB}"
EndProject
Project("{FAE04EC0-301F-11D3-BF4B-00C04F79EFBC}") = "Vendora.Application", "src\Vendora.Application\Vendora.Application.csproj", "{4828F195-8C03-43E0-B9A3-AAC01895D2C3}"
EndProject
Project("{FAE04EC0-301F-11D3-BF4B-00C04F79EFBC}") = "Vendora.UnitTests", "tests\Vendora.UnitTests\Vendora.UnitTests.csproj", "{76E29311-F761-42BF-8FF7-1001E5489597}"
EndProject
Project("{FAE04EC0-301F-11D3-BF4B-00C04F79EFBC}") = "Vendora.IntegrationTests", "src\Vendora.IntegrationTests\Vendora.IntegrationTests.csproj", "{11F6A8F2-E717-467E-A297-8B6E7E0401F7}"
EndProject
Project("{FAE04EC0-301F-11D3-BF4B-00C04F79EFBC}") = "Vendora.WebAdmin", "src\Vendora.WebAdmin\Vendora.WebAdmin.csproj", "{C609793D-1FDD-4F1C-915D-EBD5168730E6}"
EndProject
Global
	GlobalSection(SolutionConfigurationPlatforms) = preSolution
		Debug|Any CPU = Debug|Any CPU
		Release|Any CPU = Release|Any CPU
	EndGlobalSection
	GlobalSection(ProjectConfigurationPlatforms) = postSolution
		{1AAEACA8-3D16-4426-BE8D-C07788FCE92D}.Debug|Any CPU.ActiveCfg = Debug|Any CPU
		{1AAEACA8-3D16-4426-BE8D-C07788FCE92D}.Debug|Any CPU.Build.0 = Debug|Any CPU
		{1AAEACA8-3D16-4426-BE8D-C07788FCE92D}.Release|Any CPU.ActiveCfg = Release|Any CPU
		{1AAEACA8-3D16-4426-BE8D-C07788FCE92D}.Release|Any CPU.Build.0 = Release|Any CPU
		{4828F195-8C03-43E0-B9A3-AAC01895D2C3}.Debug|Any CPU.ActiveCfg = Debug|Any CPU
		{4828F195-8C03-43E0-B9A3-AAC01895D2C3}.Debug|Any CPU.Build.0 = Debug|Any CPU
		{4828F195-8C03-43E0-B9A3-AAC01895D2C3}.Release|Any CPU.ActiveCfg = Release|Any CPU
		{4828F195-8C03-43E0-B9A3-AAC01895D2C3}.Release|Any CPU.Build.0 = Release|Any CPU
		{76E29311-F761-42BF-8FF7-1001E5489597}.Debug|Any CPU.ActiveCfg = Debug|Any CPU
		{76E29311-F761-42BF-8FF7-1001E5489597}.Debug|Any CPU.Build.0 = Debug|Any CPU
		{76E29311-F761-42BF-8FF7-1001E5489597}.Release|Any CPU.ActiveCfg = Release|Any CPU
		{76E29311-F761-42BF-8FF7-1001E5489597}.Release|Any CPU.Build.0 = Release|Any CPU
		{11F6A8F2-E717-467E-A297-8B6E7E0401F7}.Debug|Any CPU.ActiveCfg = Debug|Any CPU
		{11F6A8F2-E717-467E-A297-8B6E7E0401F7}.Debug|Any CPU.Build.0 = Debug|Any CPU
		{11F6A8F2-E717-467E-A297-8B6E7E0401F7}.Release|Any CPU.ActiveCfg = Release|Any CPU
		{11F6A8F2-E717-467E-A297-8B6E7E0401F7}.Release|Any CPU.Build.0 = Release|Any CPU
		{C609793D-1FDD-4F1C-915D-EBD5168730E6}.Debug|Any CPU.ActiveCfg = Debug|Any CPU
		{C609793D-1FDD-4F1C-915D-EBD5168730E6}.Debug|Any CPU.Build.0 = Debug|Any CPU
		{C609793D-1FDD-4F1C-915D-EBD5168730E6}.Release|Any CPU.ActiveCfg = Release|Any CPU
		{C609793D-1FDD-4F1C-915D-EBD5168730E6}.Release|Any CPU.Build.0 = Release|Any CPU
	EndGlobalSection
	GlobalSection(SolutionProperties) = preSolution
		HideSolutionNode = FALSE
	EndGlobalSection
	GlobalSection(NestedProjects) = preSolution
		{1AAEACA8-3D16-4426-BE8D-C07788FCE92D} = {C9175D9F-5678-484C-9F66-7F4B6A2FFAC0}
		{4828F195-8C03-43E0-B9A3-AAC01895D2C3} = {C9175D9F-5678-484C-9F66-7F4B6A2FFAC0}
		{76E29311-F761-42BF-8FF7-1001E5489597} = {AE7A3E79-BF7B-4537-923B-0AE7C8E98ECB}
		{11F6A8F2-E717-467E-A297-8B6E7E0401F7} = {AE7A3E79-BF7B-4537-923B-0AE7C8E98ECB}
		{C609793D-1FDD-4F1C-915D-EBD5168730E6} = {C9175D9F-5678-484C-9F66-7F4B6A2FFAC0}
	EndGlobalSection
	GlobalSection(ExtensibilityGlobals) = postSolution
		SolutionGuid = {A54BB384-EE77-4F78-B77C-83931253C7E0}
	EndGlobalSection
EndGlobal
