
Microsoft Visual Studio Solution File, Format Version 12.00
# Visual Studio 15
VisualStudioVersion = 15.0.28307.329
MinimumVisualStudioVersion = 10.0.40219.1
Project("{FAE04EC0-301F-11D3-BF4B-00C04F79EFBC}") = "Vendora", "Vendora\Vendora.csproj", "{1AAEACA8-3D16-4426-BE8D-C07788FCE92D}"
EndProject
Global
	GlobalSection(SolutionConfigurationPlatforms) = preSolution
		Debug|Any CPU = Debug|Any CPU
		Release|Any CPU = Release|Any CPU
	EndGlobalSection
	GlobalSection(ProjectConfigurationPlatforms) = postSolution
		{1AAEACA8-3D16-4426-BE8D-C07788FCE92D}.Debug|Any CPU.ActiveCfg = Debug|Any CPU
		{1AAEACA8-3D16-4426-BE8D-C07788FCE92D}.Debug|Any CPU.Build.0 = Debug|Any CPU
		{1AAEACA8-3D16-4426-BE8D-C07788FCE92D}.Release|Any CPU.ActiveCfg = Release|Any CPU
		{1AAEACA8-3D16-4426-BE8D-C07788FCE92D}.Release|Any CPU.Build.0 = Release|Any CPU
	EndGlobalSection
	GlobalSection(SolutionProperties) = preSolution
		HideSolutionNode = FALSE
	EndGlobalSection
	GlobalSection(ExtensibilityGlobals) = postSolution
		SolutionGuid = {A54BB384-EE77-4F78-B77C-83931253C7E0}
	EndGlobalSection
EndGlobal
